
Microsoft Visual Studio Solution File, Format Version 12.00
# Visual Studio 2013
VisualStudioVersion = 12.0.31101.0
MinimumVisualStudioVersion = 10.0.40219.1
Project("{FAE04EC0-301F-11D3-BF4B-00C04F79EFBC}") = "WidgetsApp", "WidgetsApp\WidgetsApp.csproj", "{317A1BEC-19A1-4A0B-8866-E7575172D284}"
EndProject
Project("{2150E333-8FDC-42A3-9474-1A3956D46DE8}") = ".nuget", ".nuget", "{651C28DC-389E-4823-9120-671B2CF5B55E}"
	ProjectSection(SolutionItems) = preProject
		.nuget\NuGet.Config = .nuget\NuGet.Config
		.nuget\NuGet.exe = .nuget\NuGet.exe
		.nuget\NuGet.targets = .nuget\NuGet.targets
	EndProjectSection
EndProject
Global
	GlobalSection(SolutionConfigurationPlatforms) = preSolution
		Debug|Any CPU = Debug|Any CPU
		Release|Any CPU = Release|Any CPU
	EndGlobalSection
	GlobalSection(ProjectConfigurationPlatforms) = postSolution
		{317A1BEC-19A1-4A0B-8866-E7575172D284}.Debug|Any CPU.ActiveCfg = Debug|Any CPU
		{317A1BEC-19A1-4A0B-8866-E7575172D284}.Debug|Any CPU.Build.0 = Debug|Any CPU
		{317A1BEC-19A1-4A0B-8866-E7575172D284}.Release|Any CPU.ActiveCfg = Release|Any CPU
		{317A1BEC-19A1-4A0B-8866-E7575172D284}.Release|Any CPU.Build.0 = Release|Any CPU
	EndGlobalSection
	GlobalSection(SolutionProperties) = preSolution
		HideSolutionNode = FALSE
	EndGlobalSection
EndGlobal
